
Microsoft Visual Studio Solution File, Format Version 12.00
# Visual Studio Version 17
VisualStudioVersion = 17.14.36915.13 d17.14
MinimumVisualStudioVersion = 10.0.40219.1
Project("{FAE04EC0-301F-11D3-BF4B-00C04F79EFBC}") = "MauiTutoriales", "MauiTutoriales.csproj", "{D0613EB8-DA88-41D8-8714-81EFAF5C8827}"
EndProject
Global
	GlobalSection(SolutionConfigurationPlatforms) = preSolution
		Debug|Any CPU = Debug|Any CPU
		Release|Any CPU = Release|Any CPU
	EndGlobalSection
	GlobalSection(ProjectConfigurationPlatforms) = postSolution
		{D0613EB8-DA88-41D8-8714-81EFAF5C8827}.Debug|Any CPU.ActiveCfg = Debug|Any CPU
		{D0613EB8-DA88-41D8-8714-81EFAF5C8827}.Debug|Any CPU.Build.0 = Debug|Any CPU
		{D0613EB8-DA88-41D8-8714-81EFAF5C8827}.Release|Any CPU.ActiveCfg = Release|Any CPU
		{D0613EB8-DA88-41D8-8714-81EFAF5C8827}.Release|Any CPU.Build.0 = Release|Any CPU
	EndGlobalSection
	GlobalSection(SolutionProperties) = preSolution
		HideSolutionNode = FALSE
	EndGlobalSection
	GlobalSection(ExtensibilityGlobals) = postSolution
		SolutionGuid = {09B30189-B36E-40D4-9A1B-BCED68C95FAC}
	EndGlobalSection
EndGlobal
